
Microsoft Visual Studio Solution File, Format Version 12.00
# Visual Studio Version 17
VisualStudioVersion = 17.5.001.0
MinimumVisualStudioVersion = 10.0.40219.1
Project("{9A19103F-16F7-4668-BE54-9A1E7A4F7556}") = "TestAutomationFramework", "TestAutomationFramework.csproj", "{C8AC4E1B-DCB7-48AD-9A8C-D2E55EBBE030}"
EndProject
Global
	GlobalSection(SolutionConfigurationPlatforms) = preSolution
		Debug|Any CPU = Debug|Any CPU
		Release|Any CPU = Release|Any CPU
	EndGlobalSection
	GlobalSection(ProjectConfigurationPlatforms) = postSolution
		{C8AC4E1B-DCB7-48AD-9A8C-D2E55EBBE030}.Debug|Any CPU.ActiveCfg = Debug|Any CPU
		{C8AC4E1B-DCB7-48AD-9A8C-D2E55EBBE030}.Debug|Any CPU.Build.0 = Debug|Any CPU
		{C8AC4E1B-DCB7-48AD-9A8C-D2E55EBBE030}.Release|Any CPU.ActiveCfg = Release|Any CPU
		{C8AC4E1B-DCB7-48AD-9A8C-D2E55EBBE030}.Release|Any CPU.Build.0 = Release|Any CPU
	EndGlobalSection
	GlobalSection(SolutionProperties) = preSolution
		HideSolutionNode = FALSE
	EndGlobalSection
	GlobalSection(ExtensibilityGlobals) = postSolution
		SolutionGuid = {180655CE-766B-46AA-879F-F78197CB27E2}
	EndGlobalSection
EndGlobal
